
Microsoft Visual Studio Solution File, Format Version 12.00
# Visual Studio Version 16
VisualStudioVersion = 16.0.32901.82
MinimumVisualStudioVersion = 10.0.40219.1
Project("{FAE04EC0-301F-11D3-BF4B-00C04F79EFBC}") = "timer", "timer\timer.csproj", "{DDA4A9C7-64DC-4AEB-BEAD-D0C5E287BDD8}"
EndProject
Global
	GlobalSection(SolutionConfigurationPlatforms) = preSolution
		Debug|Any CPU = Debug|Any CPU
		Release|Any CPU = Release|Any CPU
	EndGlobalSection
	GlobalSection(ProjectConfigurationPlatforms) = postSolution
		{DDA4A9C7-64DC-4AEB-BEAD-D0C5E287BDD8}.Debug|Any CPU.ActiveCfg = Debug|Any CPU
		{DDA4A9C7-64DC-4AEB-BEAD-D0C5E287BDD8}.Debug|Any CPU.Build.0 = Debug|Any CPU
		{DDA4A9C7-64DC-4AEB-BEAD-D0C5E287BDD8}.Release|Any CPU.ActiveCfg = Release|Any CPU
		{DDA4A9C7-64DC-4AEB-BEAD-D0C5E287BDD8}.Release|Any CPU.Build.0 = Release|Any CPU
	EndGlobalSection
	GlobalSection(SolutionProperties) = preSolution
		HideSolutionNode = FALSE
	EndGlobalSection
	GlobalSection(ExtensibilityGlobals) = postSolution
		SolutionGuid = {905A968A-6069-46B6-8E63-3D2454B60A54}
	EndGlobalSection
EndGlobal
